
Microsoft Visual Studio Solution File, Format Version 12.00
# Visual Studio Version 16
VisualStudioVersion = 16.0.30517.126
MinimumVisualStudioVersion = 10.0.40219.1
Project("{FAE04EC0-301F-11D3-BF4B-00C04F79EFBC}") = "RESTMovieService", "RESTMovieService\RESTMovieService.csproj", "{71038334-9459-44CF-9A87-7122CB29BB0B}"
EndProject
Project("{FAE04EC0-301F-11D3-BF4B-00C04F79EFBC}") = "MovieLib", "MovieLib\MovieLib.csproj", "{1EC16AF5-1710-4EF6-BB73-FD32ABFDE744}"
EndProject
Global
	GlobalSection(SolutionConfigurationPlatforms) = preSolution
		Debug|Any CPU = Debug|Any CPU
		Release|Any CPU = Release|Any CPU
	EndGlobalSection
	GlobalSection(ProjectConfigurationPlatforms) = postSolution
		{71038334-9459-44CF-9A87-7122CB29BB0B}.Debug|Any CPU.ActiveCfg = Debug|Any CPU
		{71038334-9459-44CF-9A87-7122CB29BB0B}.Debug|Any CPU.Build.0 = Debug|Any CPU
		{71038334-9459-44CF-9A87-7122CB29BB0B}.Release|Any CPU.ActiveCfg = Release|Any CPU
		{71038334-9459-44CF-9A87-7122CB29BB0B}.Release|Any CPU.Build.0 = Release|Any CPU
		{1EC16AF5-1710-4EF6-BB73-FD32ABFDE744}.Debug|Any CPU.ActiveCfg = Debug|Any CPU
		{1EC16AF5-1710-4EF6-BB73-FD32ABFDE744}.Debug|Any CPU.Build.0 = Debug|Any CPU
		{1EC16AF5-1710-4EF6-BB73-FD32ABFDE744}.Release|Any CPU.ActiveCfg = Release|Any CPU
		{1EC16AF5-1710-4EF6-BB73-FD32ABFDE744}.Release|Any CPU.Build.0 = Release|Any CPU
	EndGlobalSection
	GlobalSection(SolutionProperties) = preSolution
		HideSolutionNode = FALSE
	EndGlobalSection
	GlobalSection(ExtensibilityGlobals) = postSolution
		SolutionGuid = {6377CD6C-2019-41E1-92E3-84C145F660DE}
	EndGlobalSection
EndGlobal
